
Microsoft Visual Studio Solution File, Format Version 12.00
# Visual Studio 15
VisualStudioVersion = 15.0.27703.1
MinimumVisualStudioVersion = 10.0.40219.1
Project("{FAE04EC0-301F-11D3-BF4B-00C04F79EFBC}") = "ApiCoCard", "ApiCoCard\ApiCoCard.csproj", "{1EE3F84D-C904-472D-841C-486F1CEB7EAA}"
EndProject
Global
	GlobalSection(SolutionConfigurationPlatforms) = preSolution
		Debug|Any CPU = Debug|Any CPU
		Release|Any CPU = Release|Any CPU
	EndGlobalSection
	GlobalSection(ProjectConfigurationPlatforms) = postSolution
		{1EE3F84D-C904-472D-841C-486F1CEB7EAA}.Debug|Any CPU.ActiveCfg = Debug|Any CPU
		{1EE3F84D-C904-472D-841C-486F1CEB7EAA}.Debug|Any CPU.Build.0 = Debug|Any CPU
		{1EE3F84D-C904-472D-841C-486F1CEB7EAA}.Release|Any CPU.ActiveCfg = Release|Any CPU
		{1EE3F84D-C904-472D-841C-486F1CEB7EAA}.Release|Any CPU.Build.0 = Release|Any CPU
	EndGlobalSection
	GlobalSection(SolutionProperties) = preSolution
		HideSolutionNode = FALSE
	EndGlobalSection
	GlobalSection(ExtensibilityGlobals) = postSolution
		SolutionGuid = {E38A5ABE-6805-498A-BD1E-44D249C1D963}
	EndGlobalSection
EndGlobal
